Microsoft Visual Studio Solution File, Format Version 12.00
# Visual Studio Version 16
VisualStudioVersion = 16.0.29215.179
MinimumVisualStudioVersion = 10.0.40219.1
Project("{FAE04EC0-301F-11D3-BF4B-00C04F79EFBC}") = "Shiprekt", "Shiprekt\Shiprekt.csproj", "{BA3A1637-3DDB-483C-A178-669DC4A55070}"
EndProject
Project("{2150E333-8FDC-42A3-9474-1A3956D46DE8}") = "Solution Items", "Solution Items", "{6ED6ED5C-F1B0-40C3-B34D-7BE42443A366}"
	ProjectSection(SolutionItems) = preProject
		.editorconfig = .editorconfig
	EndProjectSection
EndProject
Global
	GlobalSection(SolutionConfigurationPlatforms) = preSolution
		Debug|x86 = Debug|x86
		DebugWindows|x86 = DebugWindows|x86
		Release|x86 = Release|x86
	EndGlobalSection
	GlobalSection(ProjectConfigurationPlatforms) = postSolution
		{BA3A1637-3DDB-483C-A178-669DC4A55070}.Debug|x86.ActiveCfg = Debug|x86
		{BA3A1637-3DDB-483C-A178-669DC4A55070}.Debug|x86.Build.0 = Debug|x86
		{BA3A1637-3DDB-483C-A178-669DC4A55070}.DebugWindows|x86.ActiveCfg = DebugWindows|x86
		{BA3A1637-3DDB-483C-A178-669DC4A55070}.DebugWindows|x86.Build.0 = DebugWindows|x86
		{BA3A1637-3DDB-483C-A178-669DC4A55070}.Release|x86.ActiveCfg = Release|x86
		{BA3A1637-3DDB-483C-A178-669DC4A55070}.Release|x86.Build.0 = Release|x86
	EndGlobalSection
	GlobalSection(SolutionProperties) = preSolution
		HideSolutionNode = FALSE
	EndGlobalSection
	GlobalSection(ExtensibilityGlobals) = postSolution
		SolutionGuid = {2AD2E216-1070-4FED-B72B-C94FFB5120C8}
	EndGlobalSection
EndGlobal
